
Microsoft Visual Studio Solution File, Format Version 12.00
# Visual Studio Version 18
VisualStudioVersion = 18.5.11723.231 stable
MinimumVisualStudioVersion = 10.0.40219.1
Project("{FAE04EC0-301F-11D3-BF4B-00C04F79EFBC}") = "ImageSharpServer", "ImageSharpServer.csproj", "{4EF45709-2231-B0F5-2057-1C81CDE94191}"
EndProject
Global
	GlobalSection(SolutionConfigurationPlatforms) = preSolution
		Debug|Any CPU = Debug|Any CPU
		Release|Any CPU = Release|Any CPU
	EndGlobalSection
	GlobalSection(ProjectConfigurationPlatforms) = postSolution
		{4EF45709-2231-B0F5-2057-1C81CDE94191}.Debug|Any CPU.ActiveCfg = Debug|Any CPU
		{4EF45709-2231-B0F5-2057-1C81CDE94191}.Debug|Any CPU.Build.0 = Debug|Any CPU
		{4EF45709-2231-B0F5-2057-1C81CDE94191}.Release|Any CPU.ActiveCfg = Release|Any CPU
		{4EF45709-2231-B0F5-2057-1C81CDE94191}.Release|Any CPU.Build.0 = Release|Any CPU
	EndGlobalSection
	GlobalSection(SolutionProperties) = preSolution
		HideSolutionNode = FALSE
	EndGlobalSection
	GlobalSection(ExtensibilityGlobals) = postSolution
		SolutionGuid = {B9599DF9-E806-4C24-9EA6-2F907F1958CC}
	EndGlobalSection
EndGlobal
